
Microsoft Visual Studio Solution File, Format Version 12.00
# Visual Studio Version 17
VisualStudioVersion = 17.13.35806.99 d17.13
MinimumVisualStudioVersion = 10.0.40219.1
Project("{FAE04EC0-301F-11D3-BF4B-00C04F79EFBC}") = "CSharpEgitimKampi601", "CSharpEgitimKampi601\CSharpEgitimKampi601.csproj", "{8973D7CC-C2BA-45A3-9BFC-512405AC5B50}"
EndProject
Global
	GlobalSection(SolutionConfigurationPlatforms) = preSolution
		Debug|Any CPU = Debug|Any CPU
		Release|Any CPU = Release|Any CPU
	EndGlobalSection
	GlobalSection(ProjectConfigurationPlatforms) = postSolution
		{8973D7CC-C2BA-45A3-9BFC-512405AC5B50}.Debug|Any CPU.ActiveCfg = Debug|Any CPU
		{8973D7CC-C2BA-45A3-9BFC-512405AC5B50}.Debug|Any CPU.Build.0 = Debug|Any CPU
		{8973D7CC-C2BA-45A3-9BFC-512405AC5B50}.Release|Any CPU.ActiveCfg = Release|Any CPU
		{8973D7CC-C2BA-45A3-9BFC-512405AC5B50}.Release|Any CPU.Build.0 = Release|Any CPU
	EndGlobalSection
	GlobalSection(SolutionProperties) = preSolution
		HideSolutionNode = FALSE
	EndGlobalSection
	GlobalSection(ExtensibilityGlobals) = postSolution
		SolutionGuid = {30C6BDBA-93FC-45BC-B9EE-5923E583B1CA}
	EndGlobalSection
EndGlobal
